
Microsoft Visual Studio Solution File, Format Version 12.00
# Visual Studio 14
VisualStudioVersion = 14.0.23107.0
MinimumVisualStudioVersion = 10.0.40219.1
Project("{888888A0-9F3D-457C-B088-3A5042F75D52}") = "Assignment4_Exc3", "Assignment4_Exc3\Assignment4_Exc3.pyproj", "{883054C3-5F9D-47D1-9DEA-ED7737E4866F}"
EndProject
Global
	GlobalSection(SolutionConfigurationPlatforms) = preSolution
		Debug|Any CPU = Debug|Any CPU
		Release|Any CPU = Release|Any CPU
	EndGlobalSection
	GlobalSection(ProjectConfigurationPlatforms) = postSolution
		{883054C3-5F9D-47D1-9DEA-ED7737E4866F}.Debug|Any CPU.ActiveCfg = Debug|Any CPU
		{883054C3-5F9D-47D1-9DEA-ED7737E4866F}.Release|Any CPU.ActiveCfg = Release|Any CPU
	EndGlobalSection
	GlobalSection(SolutionProperties) = preSolution
		HideSolutionNode = FALSE
	EndGlobalSection
EndGlobal
